
Microsoft Visual Studio Solution File, Format Version 12.00
# Visual Studio 2012
Project("{FAE04EC0-301F-11D3-BF4B-00C04F79EFBC}") = "StaffRegistryV2", "StaffRegistryV2\StaffRegistryV2.csproj", "{57498BF5-4255-4978-9308-2D1EAD15CBEF}"
EndProject
Global
	GlobalSection(SolutionConfigurationPlatforms) = preSolution
		Debug|Any CPU = Debug|Any CPU
		Release|Any CPU = Release|Any CPU
	EndGlobalSection
	GlobalSection(ProjectConfigurationPlatforms) = postSolution
		{57498BF5-4255-4978-9308-2D1EAD15CBEF}.Debug|Any CPU.ActiveCfg = Debug|Any CPU
		{57498BF5-4255-4978-9308-2D1EAD15CBEF}.Debug|Any CPU.Build.0 = Debug|Any CPU
		{57498BF5-4255-4978-9308-2D1EAD15CBEF}.Release|Any CPU.ActiveCfg = Release|Any CPU
		{57498BF5-4255-4978-9308-2D1EAD15CBEF}.Release|Any CPU.Build.0 = Release|Any CPU
	EndGlobalSection
	GlobalSection(SolutionProperties) = preSolution
		HideSolutionNode = FALSE
	EndGlobalSection
EndGlobal
